{
  "name": "qq",
  "lockfileVersion": 2,
  "requires": true,
  "packages": {
    "": {
      "dependencies": {
        "aegis-mp-sdk": "^1.36.4",
        "cos-wx-sdk-v5": "^1.4.8",
        "tim-wx-sdk": "^2.24.2"
      }
    },
    "node_modules/@xmldom/xmldom": {
      "version": "0.8.6",
      "resolved": "https://registry.npmmirror.com/@xmldom/xmldom/-/xmldom-0.8.6.tgz",
      "integrity": "sha512-uRjjusqpoqfmRkTaNuLJ2VohVr67Q5YwDATW3VU7PfzTj6IRaihGrYI7zckGZjxQPBIp63nfvJbM+Yu5ICh0Bg==",
      "engines": {
        "node": ">=10.0.0"
      }
    },
    "node_modules/aegis-mp-sdk": {
      "version": "1.36.4",
      "resolved": "https://registry.npmmirror.com/aegis-mp-sdk/-/aegis-mp-sdk-1.36.4.tgz",
      "integrity": "sha512-Rq6s8mkKFbRnLYPjACQw8+EUcqV7OI2y2LbBWMDuZ0CK1/5FkroZsd4v6Asf0ks1EVbPlcQ3GCq2zc7CeHq6NA==",
      "dependencies": {
        "miniprogram-api-typings": "^3.6.0"
      }
    },
    "node_modules/cos-wx-sdk-v5": {
      "version": "1.4.8",
      "resolved": "https://registry.npmmirror.com/cos-wx-sdk-v5/-/cos-wx-sdk-v5-1.4.8.tgz",
      "integrity": "sha512-L4Nt4v3zVCMDMOd0RX61F3xbjC8YHGx5W15Ta6VcFCabdvxnNgG479TtN6WnOTAySDe+7MJpgx/SRKRJnDYDjg==",
      "dependencies": {
        "@xmldom/xmldom": "^0.8.6",
        "mime": "^2.4.6"
      }
    },
    "node_modules/mime": {
      "version": "2.6.0",
      "resolved": "https://registry.npmmirror.com/mime/-/mime-2.6.0.tgz",
      "integrity": "sha512-USPkMeET31rOMiarsBNIHZKLGgvKc/LrjofAnBlOttf5ajRvqiRA8QsenbcooctK6d6Ts6aqZXBA+XbkKthiQg==",
      "bin": {
        "mime": "cli.js"
      },
      "engines": {
        "node": ">=4.0.0"
      }
    },
    "node_modules/miniprogram-api-typings": {
      "version": "3.6.0",
      "resolved": "https://registry.npmmirror.com/miniprogram-api-typings/-/miniprogram-api-typings-3.6.0.tgz",
      "integrity": "sha512-xwK3PzhhxnfWqDfBikHLdAbj7Wy4F887nBcQrzwuF758Fw2qC4ivpKPL9t0uJZk5QYnU28+NqA7Q3lzYGMHQnA=="
    },
    "node_modules/tim-wx-sdk": {
      "version": "2.24.2",
      "resolved": "https://registry.npmmirror.com/tim-wx-sdk/-/tim-wx-sdk-2.24.2.tgz",
      "integrity": "sha512-tyg0UuJ8d/dD6FGapzAKi4InYst0OVVb23ovrp/+gj0nQ9L2BfkMhGw4H72BtA0VXVJQ+oinctSoE1/xMOkgLA=="
    }
  },
  "dependencies": {
    "@xmldom/xmldom": {
      "version": "0.8.6",
      "resolved": "https://registry.npmmirror.com/@xmldom/xmldom/-/xmldom-0.8.6.tgz",
      "integrity": "sha512-uRjjusqpoqfmRkTaNuLJ2VohVr67Q5YwDATW3VU7PfzTj6IRaihGrYI7zckGZjxQPBIp63nfvJbM+Yu5ICh0Bg=="
    },
    "aegis-mp-sdk": {
      "version": "1.36.4",
      "resolved": "https://registry.npmmirror.com/aegis-mp-sdk/-/aegis-mp-sdk-1.36.4.tgz",
      "integrity": "sha512-Rq6s8mkKFbRnLYPjACQw8+EUcqV7OI2y2LbBWMDuZ0CK1/5FkroZsd4v6Asf0ks1EVbPlcQ3GCq2zc7CeHq6NA==",
      "requires": {
        "miniprogram-api-typings": "^3.6.0"
      }
    },
    "cos-wx-sdk-v5": {
      "version": "1.4.8",
      "resolved": "https://registry.npmmirror.com/cos-wx-sdk-v5/-/cos-wx-sdk-v5-1.4.8.tgz",
      "integrity": "sha512-L4Nt4v3zVCMDMOd0RX61F3xbjC8YHGx5W15Ta6VcFCabdvxnNgG479TtN6WnOTAySDe+7MJpgx/SRKRJnDYDjg==",
      "requires": {
        "@xmldom/xmldom": "^0.8.6",
        "mime": "^2.4.6"
      }
    },
    "mime": {
      "version": "2.6.0",
      "resolved": "https://registry.npmmirror.com/mime/-/mime-2.6.0.tgz",
      "integrity": "sha512-USPkMeET31rOMiarsBNIHZKLGgvKc/LrjofAnBlOttf5ajRvqiRA8QsenbcooctK6d6Ts6aqZXBA+XbkKthiQg=="
    },
    "miniprogram-api-typings": {
      "version": "3.6.0",
      "resolved": "https://registry.npmmirror.com/miniprogram-api-typings/-/miniprogram-api-typings-3.6.0.tgz",
      "integrity": "sha512-xwK3PzhhxnfWqDfBikHLdAbj7Wy4F887nBcQrzwuF758Fw2qC4ivpKPL9t0uJZk5QYnU28+NqA7Q3lzYGMHQnA=="
    },
    "tim-wx-sdk": {
      "version": "2.24.2",
      "resolved": "https://registry.npmmirror.com/tim-wx-sdk/-/tim-wx-sdk-2.24.2.tgz",
      "integrity": "sha512-tyg0UuJ8d/dD6FGapzAKi4InYst0OVVb23ovrp/+gj0nQ9L2BfkMhGw4H72BtA0VXVJQ+oinctSoE1/xMOkgLA=="
    }
  }
}
